// !$*UTF8*$!
{
	archiveVersion = 1;
	classes = {
	};
	objectVersion = 56;
	objects = {

/* Begin PBXBuildFile section */
		B64980552AD0063F0078156C /* sdk_questions.docc in Sources */ = {isa = PBXBuildFile; fileRef = B64980542AD0063F0078156C /* sdk_questions.docc */; };
		B649805B2AD0063F0078156C /* sdk_questions.framework in Frameworks */ = {isa = PBXBuildFile; fileRef = B64980502AD0063F0078156C /* sdk_questions.framework */; };
		B64980602AD0063F0078156C /* sdk_questionsTests.swift in Sources */ = {isa = PBXBuildFile; fileRef = B649805F2AD0063F0078156C /* sdk_questionsTests.swift */; };
		B64980612AD0063F0078156C /* sdk_questions.h in Headers */ = {isa = PBXBuildFile; fileRef = B64980532AD0063F0078156C /* sdk_questions.h */; settings = {ATTRIBUTES = (Public, ); }; };
/* End PBXBuildFile section */

/* Begin PBXContainerItemProxy section */
		B649805C2AD0063F0078156C /* PBXContainerItemProxy */ = {
			isa = PBXContainerItemProxy;
			containerPortal = B64980472AD0063F0078156C /* Project object */;
			proxyType = 1;
			remoteGlobalIDString = B649804F2AD0063F0078156C;
			remoteInfo = "sdk-questions";
		};
/* End PBXContainerItemProxy section */

/* Begin PBXFileReference section */
		B64980502AD0063F0078156C /* sdk_questions.framework */ = {isa = PBXFileReference; explicitFileType = wrapper.framework; includeInIndex = 0; path = sdk_questions.framework; sourceTree = BUILT_PRODUCTS_DIR; };
		B64980532AD0063F0078156C /* sdk_questions.h */ = {isa = PBXFileReference; lastKnownFileType = sourcecode.c.h; path = sdk_questions.h; sourceTree = "<group>"; };
		B64980542AD0063F0078156C /* sdk_questions.docc */ = {isa = PBXFileReference; lastKnownFileType = folder.documentationcatalog; path = sdk_questions.docc; sourceTree = "<group>"; };
		B649805A2AD0063F0078156C /* sdk-questionsTests.xctest */ = {isa = PBXFileReference; explicitFileType = wrapper.cfbundle; includeInIndex = 0; path = "sdk-questionsTests.xctest"; sourceTree = BUILT_PRODUCTS_DIR; };
		B649805F2AD0063F0078156C /* sdk_questionsTests.swift */ = {isa = PBXFileReference; lastKnownFileType = sourcecode.swift; path = sdk_questionsTests.swift; sourceTree = "<group>"; };
/* End PBXFileReference section */

/* Begin PBXFrameworksBuildPhase section */
		B649804D2AD0063F0078156C /* Frameworks */ = {
			isa = PBXFrameworksBuildPhase;
			buildActionMask = 2147483647;
			files = (
			);
			runOnlyForDeploymentPostprocessing = 0;
		};
		B64980572AD0063F0078156C /* Frameworks */ = {
			isa = PBXFrameworksBuildPhase;
			buildActionMask = 2147483647;
			files = (
				B649805B2AD0063F0078156C /* sdk_questions.framework in Frameworks */,
			);
			runOnlyForDeploymentPostprocessing = 0;
		};
/* End PBXFrameworksBuildPhase section */

/* Begin PBXGroup section */
		B64980462AD0063F0078156C = {
			isa = PBXGroup;
			children = (
				B64980522AD0063F0078156C /* sdk-questions */,
				B649805E2AD0063F0078156C /* sdk-questionsTests */,
				B64980512AD0063F0078156C /* Products */,
			);
			sourceTree = "<group>";
		};
		B64980512AD0063F0078156C /* Products */ = {
			isa = PBXGroup;
			children = (
				B64980502AD0063F0078156C /* sdk_questions.framework */,
				B649805A2AD0063F0078156C /* sdk-questionsTests.xctest */,
			);
			name = Products;
			sourceTree = "<group>";
		};
		B64980522AD0063F0078156C /* sdk-questions */ = {
			isa = PBXGroup;
			children = (
				B64980532AD0063F0078156C /* sdk_questions.h */,
				B64980542AD0063F0078156C /* sdk_questions.docc */,
			);
			path = "sdk-questions";
			sourceTree = "<group>";
		};
		B649805E2AD0063F0078156C /* sdk-questionsTests */ = {
			isa = PBXGroup;
			children = (
				B649805F2AD0063F0078156C /* sdk_questionsTests.swift */,
			);
			path = "sdk-questionsTests";
			sourceTree = "<group>";
		};
/* End PBXGroup section */

/* Begin PBXHeadersBuildPhase section */
		B649804B2AD0063F0078156C /* Headers */ = {
			isa = PBXHeadersBuildPhase;
			buildActionMask = 2147483647;
			files = (
				B64980612AD0063F0078156C /* sdk_questions.h in Headers */,
			);
			runOnlyForDeploymentPostprocessing = 0;
		};
/* End PBXHeadersBuildPhase section */

/* Begin PBXNativeTarget section */
		B649804F2AD0063F0078156C /* sdk-questions */ = {
			isa = PBXNativeTarget;
			buildConfigurationList = B64980642AD0063F0078156C /* Build configuration list for PBXNativeTarget "sdk-questions" */;
			buildPhases = (
				B649804B2AD0063F0078156C /* Headers */,
				B649804C2AD0063F0078156C /* Sources */,
				B649804D2AD0063F0078156C /* Frameworks */,
				B649804E2AD0063F0078156C /* Resources */,
			);
			buildRules = (
			);
			dependencies = (
			);
			name = "sdk-questions";
			productName = "sdk-questions";
			productReference = B64980502AD0063F0078156C /* sdk_questions.framework */;
			productType = "com.apple.product-type.framework";
		};
		B64980592AD0063F0078156C /* sdk-questionsTests */ = {
			isa = PBXNativeTarget;
			buildConfigurationList = B64980672AD0063F0078156C /* Build configuration list for PBXNativeTarget "sdk-questionsTests" */;
			buildPhases = (
				B64980562AD0063F0078156C /* Sources */,
				B64980572AD0063F0078156C /* Frameworks */,
				B64980582AD0063F0078156C /* Resources */,
			);
			buildRules = (
			);
			dependencies = (
				B649805D2AD0063F0078156C /* PBXTargetDependency */,
			);
			name = "sdk-questionsTests";
			productName = "sdk-questionsTests";
			productReference = B649805A2AD0063F0078156C /* sdk-questionsTests.xctest */;
			productType = "com.apple.product-type.bundle.unit-test";
		};
/* End PBXNativeTarget section */

/* Begin PBXProject section */
		B64980472AD0063F0078156C /* Project object */ = {
			isa = PBXProject;
			attributes = {
				BuildIndependentTargetsInParallel = 1;
				LastSwiftUpdateCheck = 1430;
				LastUpgradeCheck = 1430;
				TargetAttributes = {
					B649804F2AD0063F0078156C = {
						CreatedOnToolsVersion = 14.3;
					};
					B64980592AD0063F0078156C = {
						CreatedOnToolsVersion = 14.3;
					};
				};
			};
			buildConfigurationList = B649804A2AD0063F0078156C /* Build configuration list for PBXProject "sdk-questions" */;
			compatibilityVersion = "Xcode 14.0";
			developmentRegion = en;
			hasScannedForEncodings = 0;
			knownRegions = (
				en,
				Base,
			);
			mainGroup = B64980462AD0063F0078156C;
			productRefGroup = B64980512AD0063F0078156C /* Products */;
			projectDirPath = "";
			projectRoot = "";
			targets = (
				B649804F2AD0063F0078156C /* sdk-questions */,
				B64980592AD0063F0078156C /* sdk-questionsTests */,
			);
		};
/* End PBXProject section */

/* Begin PBXResourcesBuildPhase section */
		B649804E2AD0063F0078156C /* Resources */ = {
			isa = PBXResourcesBuildPhase;
			buildActionMask = 2147483647;
			files = (
			);
			runOnlyForDeploymentPostprocessing = 0;
		};
		B64980582AD0063F0078156C /* Resources */ = {
			isa = PBXResourcesBuildPhase;
			buildActionMask = 2147483647;
			files = (
			);
			runOnlyForDeploymentPostprocessing = 0;
		};
/* End PBXResourcesBuildPhase section */

/* Begin PBXSourcesBuildPhase section */
		B649804C2AD0063F0078156C /* Sources */ = {
			isa = PBXSourcesBuildPhase;
			buildActionMask = 2147483647;
			files = (
				B64980552AD0063F0078156C /* sdk_questions.docc in Sources */,
			);
			runOnlyForDeploymentPostprocessing = 0;
		};
		B64980562AD0063F0078156C /* Sources */ = {
			isa = PBXSourcesBuildPhase;
			buildActionMask = 2147483647;
			files = (
				B64980602AD0063F0078156C /* sdk_questionsTests.swift in Sources */,
			);
			runOnlyForDeploymentPostprocessing = 0;
		};
/* End PBXSourcesBuildPhase section */

/* Begin PBXTargetDependency section */
		B649805D2AD0063F0078156C /* PBXTargetDependency */ = {
			isa = PBXTargetDependency;
			target = B649804F2AD0063F0078156C /* sdk-questions */;
			targetProxy = B649805C2AD0063F0078156C /* PBXContainerItemProxy */;
		};
/* End PBXTargetDependency section */

/* Begin XCBuildConfiguration section */
		B64980622AD0063F0078156C /* Debug */ = {
			isa = XCBuildConfiguration;
			buildSettings = {
				ALWAYS_SEARCH_USER_PATHS = NO;
				CLANG_ANALYZER_NONNULL = YES;
				CLANG_ANALYZER_NUMBER_OBJECT_CONVERSION = YES_AGGRESSIVE;
				CLANG_CXX_LANGUAGE_STANDARD = "gnu++20";
				CLANG_ENABLE_MODULES = YES;
				CLANG_ENABLE_OBJC_ARC = YES;
				CLANG_ENABLE_OBJC_WEAK = YES;
				CLANG_WARN_BLOCK_CAPTURE_AUTORELEASING = YES;
				CLANG_WARN_BOOL_CONVERSION = YES;
				CLANG_WARN_COMMA = YES;
				CLANG_WARN_CONSTANT_CONVERSION = YES;
				CLANG_WARN_DEPRECATED_OBJC_IMPLEMENTATIONS = YES;
				CLANG_WARN_DIRECT_OBJC_ISA_USAGE = YES_ERROR;
				CLANG_WARN_DOCUMENTATION_COMMENTS = YES;
				CLANG_WARN_EMPTY_BODY = YES;
				CLANG_WARN_ENUM_CONVERSION = YES;
				CLANG_WARN_INFINITE_RECURSION = YES;
				CLANG_WARN_INT_CONVERSION = YES;
				CLANG_WARN_NON_LITERAL_NULL_CONVERSION = YES;
				CLANG_WARN_OBJC_IMPLICIT_RETAIN_SELF = YES;
				CLANG_WARN_OBJC_LITERAL_CONVERSION = YES;
				CLANG_WARN_OBJC_ROOT_CLASS = YES_ERROR;
				CLANG_WARN_QUOTED_INCLUDE_IN_FRAMEWORK_HEADER = YES;
				CLANG_WARN_RANGE_LOOP_ANALYSIS = YES;
				CLANG_WARN_STRICT_PROTOTYPES = YES;
				CLANG_WARN_SUSPICIOUS_MOVE = YES;
				CLANG_WARN_UNGUARDED_AVAILABILITY = YES_AGGRESSIVE;
				CLANG_WARN_UNREACHABLE_CODE = YES;
				CLANG_WARN__DUPLICATE_METHOD_MATCH = YES;
				COPY_PHASE_STRIP = NO;
				CURRENT_PROJECT_VERSION = 1;
				DEBUG_INFORMATION_FORMAT = dwarf;
				ENABLE_STRICT_OBJC_MSGSEND = YES;
				ENABLE_TESTABILITY = YES;
				GCC_C_LANGUAGE_STANDARD = gnu11;
				GCC_DYNAMIC_NO_PIC = NO;
				GCC_NO_COMMON_BLOCKS = YES;
				GCC_OPTIMIZATION_LEVEL = 0;
				GCC_PREPROCESSOR_DEFINITIONS = (
					"DEBUG=1",
					"$(inherited)",
				);
				GCC_WARN_64_TO_32_BIT_CONVERSION = YES;
				GCC_WARN_ABOUT_RETURN_TYPE = YES_ERROR;
				GCC_WARN_UNDECLARED_SELECTOR = YES;
				GCC_WARN_UNINITIALIZED_AUTOS = YES_AGGRESSIVE;
				GCC_WARN_UNUSED_FUNCTION = YES;
				GCC_WARN_UNUSED_VARIABLE = YES;
				IPHONEOS_DEPLOYMENT_TARGET = 16.4;
				MTL_ENABLE_DEBUG_INFO = INCLUDE_SOURCE;
				MTL_FAST_MATH = YES;
				ONLY_ACTIVE_ARCH = YES;
				SDKROOT = iphoneos;
				SWIFT_ACTIVE_COMPILATION_CONDITIONS = DEBUG;
				SWIFT_OPTIMIZATION_LEVEL = "-Onone";
				VERSIONING_SYSTEM = "apple-generic";
				VERSION_INFO_PREFIX = "";
			};
			name = Debug;
		};
		B64980632AD0063F0078156C /* Release */ = {
			isa = XCBuildConfiguration;
			buildSettings = {
				ALWAYS_SEARCH_USER_PATHS = NO;
				CLANG_ANALYZER_NONNULL = YES;
				CLANG_ANALYZER_NUMBER_OBJECT_CONVERSION = YES_AGGRESSIVE;
				CLANG_CXX_LANGUAGE_STANDARD = "gnu++20";
				CLANG_ENABLE_MODULES = YES;
				CLANG_ENABLE_OBJC_ARC = YES;
				CLANG_ENABLE_OBJC_WEAK = YES;
				CLANG_WARN_BLOCK_CAPTURE_AUTORELEASING = YES;
				CLANG_WARN_BOOL_CONVERSION = YES;
				CLANG_WARN_COMMA = YES;
				CLANG_WARN_CONSTANT_CONVERSION = YES;
				CLANG_WARN_DEPRECATED_OBJC_IMPLEMENTATIONS = YES;
				CLANG_WARN_DIRECT_OBJC_ISA_USAGE = YES_ERROR;
				CLANG_WARN_DOCUMENTATION_COMMENTS = YES;
				CLANG_WARN_EMPTY_BODY = YES;
				CLANG_WARN_ENUM_CONVERSION = YES;
				CLANG_WARN_INFINITE_RECURSION = YES;
				CLANG_WARN_INT_CONVERSION = YES;
				CLANG_WARN_NON_LITERAL_NULL_CONVERSION = YES;
				CLANG_WARN_OBJC_IMPLICIT_RETAIN_SELF = YES;
				CLANG_WARN_OBJC_LITERAL_CONVERSION = YES;
				CLANG_WARN_OBJC_ROOT_CLASS = YES_ERROR;
				CLANG_WARN_QUOTED_INCLUDE_IN_FRAMEWORK_HEADER = YES;
				CLANG_WARN_RANGE_LOOP_ANALYSIS = YES;
				CLANG_WARN_STRICT_PROTOTYPES = YES;
				CLANG_WARN_SUSPICIOUS_MOVE = YES;
				CLANG_WARN_UNGUARDED_AVAILABILITY = YES_AGGRESSIVE;
				CLANG_WARN_UNREACHABLE_CODE = YES;
				CLANG_WARN__DUPLICATE_METHOD_MATCH = YES;
				COPY_PHASE_STRIP = NO;
				CURRENT_PROJECT_VERSION = 1;
				DEBUG_INFORMATION_FORMAT = "dwarf-with-dsym";
				ENABLE_NS_ASSERTIONS = NO;
				ENABLE_STRICT_OBJC_MSGSEND = YES;
				GCC_C_LANGUAGE_STANDARD = gnu11;
				GCC_NO_COMMON_BLOCKS = YES;
				GCC_WARN_64_TO_32_BIT_CONVERSION = YES;
				GCC_WARN_ABOUT_RETURN_TYPE = YES_ERROR;
				GCC_WARN_UNDECLARED_SELECTOR = YES;
				GCC_WARN_UNINITIALIZED_AUTOS = YES_AGGRESSIVE;
				GCC_WARN_UNUSED_FUNCTION = YES;
				GCC_WARN_UNUSED_VARIABLE = YES;
				IPHONEOS_DEPLOYMENT_TARGET = 16.4;
				MTL_ENABLE_DEBUG_INFO = NO;
				MTL_FAST_MATH = YES;
				SDKROOT = iphoneos;
				SWIFT_COMPILATION_MODE = wholemodule;
				SWIFT_OPTIMIZATION_LEVEL = "-O";
				VALIDATE_PRODUCT = YES;
				VERSIONING_SYSTEM = "apple-generic";
				VERSION_INFO_PREFIX = "";
			};
			name = Release;
		};
		B64980652AD0063F0078156C /* Debug */ = {
			isa = XCBuildConfiguration;
			buildSettings = {
				CODE_SIGN_STYLE = Automatic;
				CURRENT_PROJECT_VERSION = 1;
				DEFINES_MODULE = YES;
				DEVELOPMENT_TEAM = 8LV2X84473;
				DYLIB_COMPATIBILITY_VERSION = 1;
				DYLIB_CURRENT_VERSION = 1;
				DYLIB_INSTALL_NAME_BASE = "@rpath";
				ENABLE_MODULE_VERIFIER = YES;
				GENERATE_INFOPLIST_FILE = YES;
				INFOPLIST_KEY_NSHumanReadableCopyright = "";
				INSTALL_PATH = "$(LOCAL_LIBRARY_DIR)/Frameworks";
				LD_RUNPATH_SEARCH_PATHS = (
					"$(inherited)",
					"@executable_path/Frameworks",
					"@loader_path/Frameworks",
				);
				MARKETING_VERSION = 1.0;
				MODULE_VERIFIER_SUPPORTED_LANGUAGES = "objective-c objective-c++";
				MODULE_VERIFIER_SUPPORTED_LANGUAGE_STANDARDS = "gnu11 gnu++20";
				PRODUCT_BUNDLE_IDENTIFIER = "fr.maiano.sdk-questions";
				PRODUCT_NAME = "$(TARGET_NAME:c99extidentifier)";
				SKIP_INSTALL = YES;
				SWIFT_EMIT_LOC_STRINGS = YES;
				SWIFT_VERSION = 5.0;
				TARGETED_DEVICE_FAMILY = "1,2";
			};
			name = Debug;
		};
		B64980662AD0063F0078156C /* Release */ = {
			isa = XCBuildConfiguration;
			buildSettings = {
				CODE_SIGN_STYLE = Automatic;
				CURRENT_PROJECT_VERSION = 1;
				DEFINES_MODULE = YES;
				DEVELOPMENT_TEAM = 8LV2X84473;
				DYLIB_COMPATIBILITY_VERSION = 1;
				DYLIB_CURRENT_VERSION = 1;
				DYLIB_INSTALL_NAME_BASE = "@rpath";
				ENABLE_MODULE_VERIFIER = YES;
				GENERATE_INFOPLIST_FILE = YES;
				INFOPLIST_KEY_NSHumanReadableCopyright = "";
				INSTALL_PATH = "$(LOCAL_LIBRARY_DIR)/Frameworks";
				LD_RUNPATH_SEARCH_PATHS = (
					"$(inherited)",
					"@executable_path/Frameworks",
					"@loader_path/Frameworks",
				);
				MARKETING_VERSION = 1.0;
				MODULE_VERIFIER_SUPPORTED_LANGUAGES = "objective-c objective-c++";
				MODULE_VERIFIER_SUPPORTED_LANGUAGE_STANDARDS = "gnu11 gnu++20";
				PRODUCT_BUNDLE_IDENTIFIER = "fr.maiano.sdk-questions";
				PRODUCT_NAME = "$(TARGET_NAME:c99extidentifier)";
				SKIP_INSTALL = YES;
				SWIFT_EMIT_LOC_STRINGS = YES;
				SWIFT_VERSION = 5.0;
				TARGETED_DEVICE_FAMILY = "1,2";
			};
			name = Release;
		};
		B64980682AD0063F0078156C /* Debug */ = {
			isa = XCBuildConfiguration;
			buildSettings = {
				CODE_SIGN_STYLE = Automatic;
				CURRENT_PROJECT_VERSION = 1;
				DEVELOPMENT_TEAM = 8LV2X84473;
				GENERATE_INFOPLIST_FILE = YES;
				MARKETING_VERSION = 1.0;
				PRODUCT_BUNDLE_IDENTIFIER = "fr.maiano.sdk-questionsTests";
				PRODUCT_NAME = "$(TARGET_NAME)";
				SWIFT_EMIT_LOC_STRINGS = NO;
				SWIFT_VERSION = 5.0;
				TARGETED_DEVICE_FAMILY = "1,2";
			};
			name = Debug;
		};
		B64980692AD0063F0078156C /* Release */ = {
			isa = XCBuildConfiguration;
			buildSettings = {
				CODE_SIGN_STYLE = Automatic;
				CURRENT_PROJECT_VERSION = 1;
				DEVELOPMENT_TEAM = 8LV2X84473;
				GENERATE_INFOPLIST_FILE = YES;
				MARKETING_VERSION = 1.0;
				PRODUCT_BUNDLE_IDENTIFIER = "fr.maiano.sdk-questionsTests";
				PRODUCT_NAME = "$(TARGET_NAME)";
				SWIFT_EMIT_LOC_STRINGS = NO;
				SWIFT_VERSION = 5.0;
				TARGETED_DEVICE_FAMILY = "1,2";
			};
			name = Release;
		};
/* End XCBuildConfiguration section */

/* Begin XCConfigurationList section */
		B649804A2AD0063F0078156C /* Build configuration list for PBXProject "sdk-questions" */ = {
			isa = XCConfigurationList;
			buildConfigurations = (
				B64980622AD0063F0078156C /* Debug */,
				B64980632AD0063F0078156C /* Release */,
			);
			defaultConfigurationIsVisible = 0;
			defaultConfigurationName = Release;
		};
		B64980642AD0063F0078156C /* Build configuration list for PBXNativeTarget "sdk-questions" */ = {
			isa = XCConfigurationList;
			buildConfigurations = (
				B64980652AD0063F0078156C /* Debug */,
				B64980662AD0063F0078156C /* Release */,
			);
			defaultConfigurationIsVisible = 0;
			defaultConfigurationName = Release;
		};
		B64980672AD0063F0078156C /* Build configuration list for PBXNativeTarget "sdk-questionsTests" */ = {
			isa = XCConfigurationList;
			buildConfigurations = (
				B64980682AD0063F0078156C /* Debug */,
				B64980692AD0063F0078156C /* Release */,
			);
			defaultConfigurationIsVisible = 0;
			defaultConfigurationName = Release;
		};
/* End XCConfigurationList section */
	};
	rootObject = B64980472AD0063F0078156C /* Project object */;
}
